{
  "name": "zap-docs",
  "version": "0.4.0",
  "lockfileVersion": 1,
  "requires": true,
  "dependencies": {
    "@observablehq/inspector": {
      "version": "3.2.2",
      "resolved": "https://registry.npmjs.org/@observablehq/inspector/-/inspector-3.2.2.tgz",
      "integrity": "sha512-HBHtruB7hcNqyapyNF77fPVpiCyqEZsmLD6rhCy7nHPaciAEPML4NtQG2QBuTkYlEu64Zulky6g3ABrD0PhX2Q=="
    },
    "argparse": {
      "version": "2.0.1",
      "resolved": "https://registry.npmjs.org/argparse/-/argparse-2.0.1.tgz",
      "integrity": "sha512-8+9WqebbFzpX9OR+Wa6O29asIogeRMzcGtAINdpMHHyAg10f05aSFVBbcEqGf/PXw1EjAZ+q2/bEBg3DvurK3Q==",
      "dev": true
    },
    "entities": {
      "version": "2.1.0",
      "resolved": "https://registry.npmjs.org/entities/-/entities-2.1.0.tgz",
      "integrity": "sha512-hCx1oky9PFrJ611mf0ifBLBRW8lUUVRlFolb5gWRfIELabBlbp9xZvrqZLZAs+NxFnbfQoeGd8wDkygjg7U85w==",
      "dev": true
    },
    "esbuild": {
      "version": "0.12.15",
      "resolved": "https://registry.npmjs.org/esbuild/-/esbuild-0.12.15.tgz",
      "integrity": "sha512-72V4JNd2+48eOVCXx49xoSWHgC3/cCy96e7mbXKY+WOWghN00cCmlGnwVLRhRHorvv0dgCyuMYBZlM2xDM5OQw==",
      "dev": true
    },
    "highlight.js": {
      "version": "11.1.0",
      "resolved": "https://registry.npmjs.org/highlight.js/-/highlight.js-11.1.0.tgz",
      "integrity": "sha512-X9VVhYKHQPPuwffO8jk4bP/FVj+ibNCy3HxZZNDXFtJrq4O5FdcdCDRIkDis5MiMnjh7UwEdHgRZJcHFYdzDdA==",
      "dev": true
    },
    "linkify-it": {
      "version": "3.0.2",
      "resolved": "https://registry.npmjs.org/linkify-it/-/linkify-it-3.0.2.tgz",
      "integrity": "sha512-gDBO4aHNZS6coiZCKVhSNh43F9ioIL4JwRjLZPkoLIY4yZFwg264Y5lu2x6rb1Js42Gh6Yqm2f6L2AJcnkzinQ==",
      "dev": true,
      "requires": {
        "uc.micro": "^1.0.1"
      }
    },
    "markdown-it": {
      "version": "12.1.0",
      "resolved": "https://registry.npmjs.org/markdown-it/-/markdown-it-12.1.0.tgz",
      "integrity": "sha512-7temG6IFOOxfU0SgzhqR+vr2diuMhyO5uUIEZ3C5NbXhqC9uFUHoU41USYuDFoZRsaY7BEIEei874Z20VMLF6A==",
      "dev": true,
      "requires": {
        "argparse": "^2.0.1",
        "entities": "~2.1.0",
        "linkify-it": "^3.0.1",
        "mdurl": "^1.0.1",
        "uc.micro": "^1.0.5"
      }
    },
    "markdown-it-attrs": {
      "version": "4.0.0",
      "resolved": "https://registry.npmjs.org/markdown-it-attrs/-/markdown-it-attrs-4.0.0.tgz",
      "integrity": "sha512-uLjtdCmhhmL3BuZsReYkFxk74qKjj5ahe34teBpOCJ4hYZZl7/ftLyXWLowngC2moRkbLEvKwN/7TMwbhbHE/A==",
      "dev": true
    },
    "mdurl": {
      "version": "1.0.1",
      "resolved": "https://registry.npmjs.org/mdurl/-/mdurl-1.0.1.tgz",
      "integrity": "sha1-/oWy7HWlkDfyrf7BAP1sYBdhFS4=",
      "dev": true
    },
    "scrollama": {
      "version": "2.2.2",
      "resolved": "https://registry.npmjs.org/scrollama/-/scrollama-2.2.2.tgz",
      "integrity": "sha512-ZU5uuiHRhtomdgdSwwv0ThSPnjeO5WAmBrlNEc/DowdPN/wewro4zvpOpEFr0FakhvvujxA1IskJCn9rFbEz1g=="
    },
    "uc.micro": {
      "version": "1.0.6",
      "resolved": "https://registry.npmjs.org/uc.micro/-/uc.micro-1.0.6.tgz",
      "integrity": "sha512-8Y75pvTYkLJW2hWQHXxoqRgV7qb9B+9vFEtidML+7koHUFapnVJAZ6cKs+Qjz5Aw3aZWHMC6u0wJE3At+nSGwA==",
      "dev": true
    }
  }
}
